
Microsoft Visual Studio Solution File, Format Version 12.00
# Visual Studio Version 17
VisualStudioVersion = 17.0.32112.339
MinimumVisualStudioVersion = 10.0.40219.1
Project("{FAE04EC0-301F-11D3-BF4B-00C04F79EFBC}") = "IronLaboratory", "IronLaboratory\IronLaboratory.csproj", "{6910A5EA-BC0E-4325-921B-A621C0E44D93}"
EndProject
Global
	GlobalSection(SolutionConfigurationPlatforms) = preSolution
		Debug|Any CPU = Debug|Any CPU
		Release|Any CPU = Release|Any CPU
	EndGlobalSection
	GlobalSection(ProjectConfigurationPlatforms) = postSolution
		{6910A5EA-BC0E-4325-921B-A621C0E44D93}.Debug|Any CPU.ActiveCfg = Debug|Any CPU
		{6910A5EA-BC0E-4325-921B-A621C0E44D93}.Debug|Any CPU.Build.0 = Debug|Any CPU
		{6910A5EA-BC0E-4325-921B-A621C0E44D93}.Release|Any CPU.ActiveCfg = Release|Any CPU
		{6910A5EA-BC0E-4325-921B-A621C0E44D93}.Release|Any CPU.Build.0 = Release|Any CPU
	EndGlobalSection
	GlobalSection(SolutionProperties) = preSolution
		HideSolutionNode = FALSE
	EndGlobalSection
	GlobalSection(ExtensibilityGlobals) = postSolution
		SolutionGuid = {0B998A5B-8549-4697-9E2D-CC7249447632}
	EndGlobalSection
EndGlobal
